
Microsoft Visual Studio Solution File, Format Version 12.00
# Visual Studio Version 16
VisualStudioVersion = 16.0.29020.237
MinimumVisualStudioVersion = 10.0.40219.1
Project("{FAE04EC0-301F-11D3-BF4B-00C04F79EFBC}") = "ConverterApp", "ConverterApp\ConverterApp.csproj", "{BA7A2FF9-4579-4EB2-AD91-16F44858514A}"
EndProject
Global
	GlobalSection(SolutionConfigurationPlatforms) = preSolution
		Debug|Any CPU = Debug|Any CPU
		Release|Any CPU = Release|Any CPU
	EndGlobalSection
	GlobalSection(ProjectConfigurationPlatforms) = postSolution
		{BA7A2FF9-4579-4EB2-AD91-16F44858514A}.Debug|Any CPU.ActiveCfg = Debug|Any CPU
		{BA7A2FF9-4579-4EB2-AD91-16F44858514A}.Debug|Any CPU.Build.0 = Debug|Any CPU
		{BA7A2FF9-4579-4EB2-AD91-16F44858514A}.Release|Any CPU.ActiveCfg = Release|Any CPU
		{BA7A2FF9-4579-4EB2-AD91-16F44858514A}.Release|Any CPU.Build.0 = Release|Any CPU
	EndGlobalSection
	GlobalSection(SolutionProperties) = preSolution
		HideSolutionNode = FALSE
	EndGlobalSection
	GlobalSection(ExtensibilityGlobals) = postSolution
		SolutionGuid = {5415F224-B1A5-40DE-9131-5585DD12E0E4}
	EndGlobalSection
EndGlobal
